
Microsoft Visual Studio Solution File, Format Version 12.00
# Visual Studio 2010
Project("{8BC9CEB8-8B4A-11D0-8D11-00A0C91BC942}") = "LibBase", "LibBase\LibBase.vcxproj", "{73A3A0DA-85DB-4571-9381-686CD246E80B}"
EndProject
Project("{8BC9CEB8-8B4A-11D0-8D11-00A0C91BC942}") = "LibClient", "LibClient\LibClient.vcxproj", "{50D67152-761F-4BE9-8EA8-958CFAF1029A}"
	ProjectSection(ProjectDependencies) = postProject
		{ADAEFB09-1F84-444E-AB89-E0B91A964AD0} = {ADAEFB09-1F84-444E-AB89-E0B91A964AD0}
	EndProjectSection
EndProject
Project("{8BC9CEB8-8B4A-11D0-8D11-00A0C91BC942}") = "LibCommon", "LibCommon\LibCommon.vcxproj", "{78DB340F-F6FE-41CC-8704-60E805039BD8}"
	ProjectSection(ProjectDependencies) = postProject
		{ADAEFB09-1F84-444E-AB89-E0B91A964AD0} = {ADAEFB09-1F84-444E-AB89-E0B91A964AD0}
	EndProjectSection
EndProject
Project("{8BC9CEB8-8B4A-11D0-8D11-00A0C91BC942}") = "LibServer", "LibServer\LibServer.vcxproj", "{FC7D2BDB-7831-44A4-A8B9-8ACA5547ADC7}"
	ProjectSection(ProjectDependencies) = postProject
		{BE02B479-5C9D-4876-92D2-D810A64260D8} = {BE02B479-5C9D-4876-92D2-D810A64260D8}
	EndProjectSection
EndProject
Project("{2150E333-8FDC-42A3-9474-1A3956D46DE8}") = "Engine", "Engine", "{5DA0A740-D312-4602-96F5-A02B617755A4}"
EndProject
Project("{2150E333-8FDC-42A3-9474-1A3956D46DE8}") = "Tools", "Tools", "{243EA744-5506-41C2-A822-B3DD9A8A28F2}"
EndProject
Project("{8BC9CEB8-8B4A-11D0-8D11-00A0C91BC942}") = "DDLGen", "..\Tools\DDLGen\DDLGen.vcxproj", "{ADAEFB09-1F84-444E-AB89-E0B91A964AD0}"
EndProject
Project("{8BC9CEB8-8B4A-11D0-8D11-00A0C91BC942}") = "RpcGen", "..\Tools\RpcGen\RpcGen.vcxproj", "{BE02B479-5C9D-4876-92D2-D810A64260D8}"
EndProject
Project("{8BC9CEB8-8B4A-11D0-8D11-00A0C91BC942}") = "LibClientStress", "LibClientStress\LibClientStress.vcxproj", "{7F6B584F-7FB3-43DF-B91D-1D182F21635D}"
EndProject
Project("{8BC9CEB8-8B4A-11D0-8D11-00A0C91BC942}") = "LibEditor", "LibEditor\LibEditor.vcxproj", "{48206A30-7D48-4AB8-B647-413A4EE27AFA}"
EndProject
Project("{8BC9CEB8-8B4A-11D0-8D11-00A0C91BC942}") = "LibGui", "LibGui\LibGui.vcxproj", "{ED44F362-6B0A-4D84-9089-2E0A89CDBECC}"
EndProject
Project("{8BC9CEB8-8B4A-11D0-8D11-00A0C91BC942}") = "LibMoSDK", "LibMoSDK\LibMoSDK.vcxproj", "{AA9ABE8C-4EF6-40C6-BF1F-9AB38054646E}"
EndProject
Project("{2150E333-8FDC-42A3-9474-1A3956D46DE8}") = "JPatch", "JPatch", "{0F4D3206-9EDD-4D5C-B1BE-D88347EBCC21}"
EndProject
Project("{8BC9CEB8-8B4A-11D0-8D11-00A0C91BC942}") = "LibBSDiff", "JPatch\LibBSDiff\LibBSDiff.vcxproj", "{2BD85465-F110-41ED-8289-7588136A962C}"
EndProject
Project("{8BC9CEB8-8B4A-11D0-8D11-00A0C91BC942}") = "LibJPatch", "JPatch\LibJPatch\LibJPatch.vcxproj", "{E9780E71-1903-4E06-8B29-261243BBBA8F}"
EndProject
Project("{8BC9CEB8-8B4A-11D0-8D11-00A0C91BC942}") = "ApplyPatch", "JPatch\ApplyPatch\ApplyPatch.vcxproj", "{BBDA9C1B-9463-4892-AAAF-CD0D4D800704}"
EndProject
Project("{8BC9CEB8-8B4A-11D0-8D11-00A0C91BC942}") = "GenBLF", "JPatch\GenBLF\GenBLF.vcxproj", "{F4A27965-84C5-4FA8-B82A-9B8D17C9688F}"
EndProject
Project("{8BC9CEB8-8B4A-11D0-8D11-00A0C91BC942}") = "GenPatch", "JPatch\GenPatch\GenPatch.vcxproj", "{F4F52A95-0038-49A9-9463-39E25FB8AB1C}"
EndProject
Project("{2150E333-8FDC-42A3-9474-1A3956D46DE8}") = "CardGame", "CardGame", "{C06526F4-CF16-44EF-B19E-8C5E451E1B81}"
EndProject
Project("{8BC9CEB8-8B4A-11D0-8D11-00A0C91BC942}") = "LibCardClient", "CardGame\LibClient\LibCardClient.vcxproj", "{66CC6364-9D9B-474C-9DE3-629B3C823712}"
EndProject
Project("{8BC9CEB8-8B4A-11D0-8D11-00A0C91BC942}") = "LibCardCommon", "CardGame\LibCommon\LibCardCommon.vcxproj", "{EB833180-A16A-47EE-82E3-11A372013C12}"
EndProject
Project("{8BC9CEB8-8B4A-11D0-8D11-00A0C91BC942}") = "CardClientStress", "CardGame\ClientStress\CardClientStress.vcxproj", "{B1C48E29-9438-43C2-BF79-4BC18C5FBB18}"
EndProject
Project("{8BC9CEB8-8B4A-11D0-8D11-00A0C91BC942}") = "CardEditor", "CardGame\Editor\CardEditor.vcxproj", "{48C38364-0DA3-48CF-97AA-44A28AD9DF7F}"
EndProject
Project("{8BC9CEB8-8B4A-11D0-8D11-00A0C91BC942}") = "LibAsyncIO", "LibAsyncIO\LibAsyncIO.vcxproj", "{DB069BE1-91E0-41CE-BDC3-5BA4008840A5}"
EndProject
Project("{8BC9CEB8-8B4A-11D0-8D11-00A0C91BC942}") = "LibJsonRPC", "LibJsonRPC\LibJsonRPC.vcxproj", "{3E65F4AC-19E1-479B-ACAB-F929B699EBB9}"
EndProject
Project("{8BC9CEB8-8B4A-11D0-8D11-00A0C91BC942}") = "LibUV", "LibUV\LibUV.vcxproj", "{6C67909C-C749-4AE0-9F49-64B5D60B7D4C}"
EndProject
Project("{8BC9CEB8-8B4A-11D0-8D11-00A0C91BC942}") = "SqliteShell", "..\Tools\SqliteShell\SqliteShell.vcxproj", "{E437BAE3-9D6B-4EED-B282-2834BE8ADFFB}"
EndProject
Project("{8BC9CEB8-8B4A-11D0-8D11-00A0C91BC942}") = "SessionServer", "SessionServer\SessionServer.vcxproj", "{13624C49-B8FF-403C-84F3-48BDCCCBE411}"
EndProject
Project("{8BC9CEB8-8B4A-11D0-8D11-00A0C91BC942}") = "DataCacheServer", "DataCacheServer\DataCacheServer.vcxproj", "{FF357A6F-54A9-459A-B9D0-FF34FB237EB8}"
EndProject
Project("{2150E333-8FDC-42A3-9474-1A3956D46DE8}") = "Test", "Test", "{DE194D25-3358-466F-978D-B0EDD7E2EAF7}"
EndProject
Project("{8BC9CEB8-8B4A-11D0-8D11-00A0C91BC942}") = "TestFastJson", "Test\TestFastJson.vcxproj", "{6521A773-44C6-4A1D-9704-19C173665F04}"
EndProject
Project("{8BC9CEB8-8B4A-11D0-8D11-00A0C91BC942}") = "TestJsonRPC", "Test\TestJsonRPC.vcxproj", "{178A1E13-6D70-4E26-AB6D-57285371B2E3}"
EndProject
Project("{8BC9CEB8-8B4A-11D0-8D11-00A0C91BC942}") = "TestDataCacheServer", "Test\TestDataCacheServer.vcxproj", "{CFD66ADA-CFF3-4E82-BFBC-073A9B716A4E}"
EndProject
Project("{8BC9CEB8-8B4A-11D0-8D11-00A0C91BC942}") = "TestLibUV", "Test\TestLibUV.vcxproj", "{34C22C44-5E48-40C9-8141-7D1D5A3E54E6}"
EndProject
Project("{8BC9CEB8-8B4A-11D0-8D11-00A0C91BC942}") = "TestSList", "Test\TestSList.vcxproj", "{06AA6409-5CD7-4B9D-A2F4-D0A1E0837FC3}"
EndProject
Global
	GlobalSection(SolutionConfigurationPlatforms) = preSolution
		Debug|Win32 = Debug|Win32
		Debug|x64 = Debug|x64
		Release|Win32 = Release|Win32
		Release|x64 = Release|x64
	EndGlobalSection
	GlobalSection(ProjectConfigurationPlatforms) = postSolution
		{73A3A0DA-85DB-4571-9381-686CD246E80B}.Debug|Win32.ActiveCfg = Debug|Win32
		{73A3A0DA-85DB-4571-9381-686CD246E80B}.Debug|Win32.Build.0 = Debug|Win32
		{73A3A0DA-85DB-4571-9381-686CD246E80B}.Debug|x64.ActiveCfg = Debug|x64
		{73A3A0DA-85DB-4571-9381-686CD246E80B}.Debug|x64.Build.0 = Debug|x64
		{73A3A0DA-85DB-4571-9381-686CD246E80B}.Release|Win32.ActiveCfg = Release|Win32
		{73A3A0DA-85DB-4571-9381-686CD246E80B}.Release|Win32.Build.0 = Release|Win32
		{73A3A0DA-85DB-4571-9381-686CD246E80B}.Release|x64.ActiveCfg = Release|x64
		{73A3A0DA-85DB-4571-9381-686CD246E80B}.Release|x64.Build.0 = Release|x64
		{50D67152-761F-4BE9-8EA8-958CFAF1029A}.Debug|Win32.ActiveCfg = Debug|Win32
		{50D67152-761F-4BE9-8EA8-958CFAF1029A}.Debug|Win32.Build.0 = Debug|Win32
		{50D67152-761F-4BE9-8EA8-958CFAF1029A}.Debug|x64.ActiveCfg = Debug|x64
		{50D67152-761F-4BE9-8EA8-958CFAF1029A}.Debug|x64.Build.0 = Debug|x64
		{50D67152-761F-4BE9-8EA8-958CFAF1029A}.Release|Win32.ActiveCfg = Release|Win32
		{50D67152-761F-4BE9-8EA8-958CFAF1029A}.Release|Win32.Build.0 = Release|Win32
		{50D67152-761F-4BE9-8EA8-958CFAF1029A}.Release|x64.ActiveCfg = Release|x64
		{50D67152-761F-4BE9-8EA8-958CFAF1029A}.Release|x64.Build.0 = Release|x64
		{78DB340F-F6FE-41CC-8704-60E805039BD8}.Debug|Win32.ActiveCfg = Debug|Win32
		{78DB340F-F6FE-41CC-8704-60E805039BD8}.Debug|Win32.Build.0 = Debug|Win32
		{78DB340F-F6FE-41CC-8704-60E805039BD8}.Debug|x64.ActiveCfg = Debug|x64
		{78DB340F-F6FE-41CC-8704-60E805039BD8}.Debug|x64.Build.0 = Debug|x64
		{78DB340F-F6FE-41CC-8704-60E805039BD8}.Release|Win32.ActiveCfg = Release|Win32
		{78DB340F-F6FE-41CC-8704-60E805039BD8}.Release|Win32.Build.0 = Release|Win32
		{78DB340F-F6FE-41CC-8704-60E805039BD8}.Release|x64.ActiveCfg = Release|x64
		{78DB340F-F6FE-41CC-8704-60E805039BD8}.Release|x64.Build.0 = Release|x64
		{FC7D2BDB-7831-44A4-A8B9-8ACA5547ADC7}.Debug|Win32.ActiveCfg = Debug|Win32
		{FC7D2BDB-7831-44A4-A8B9-8ACA5547ADC7}.Debug|Win32.Build.0 = Debug|Win32
		{FC7D2BDB-7831-44A4-A8B9-8ACA5547ADC7}.Debug|x64.ActiveCfg = Debug|x64
		{FC7D2BDB-7831-44A4-A8B9-8ACA5547ADC7}.Debug|x64.Build.0 = Debug|x64
		{FC7D2BDB-7831-44A4-A8B9-8ACA5547ADC7}.Release|Win32.ActiveCfg = Release|Win32
		{FC7D2BDB-7831-44A4-A8B9-8ACA5547ADC7}.Release|Win32.Build.0 = Release|Win32
		{FC7D2BDB-7831-44A4-A8B9-8ACA5547ADC7}.Release|x64.ActiveCfg = Release|x64
		{FC7D2BDB-7831-44A4-A8B9-8ACA5547ADC7}.Release|x64.Build.0 = Release|x64
		{ADAEFB09-1F84-444E-AB89-E0B91A964AD0}.Debug|Win32.ActiveCfg = Release|Win32
		{ADAEFB09-1F84-444E-AB89-E0B91A964AD0}.Debug|Win32.Build.0 = Release|Win32
		{ADAEFB09-1F84-444E-AB89-E0B91A964AD0}.Debug|x64.ActiveCfg = Release|Win32
		{ADAEFB09-1F84-444E-AB89-E0B91A964AD0}.Debug|x64.Build.0 = Release|Win32
		{ADAEFB09-1F84-444E-AB89-E0B91A964AD0}.Release|Win32.ActiveCfg = Release|Win32
		{ADAEFB09-1F84-444E-AB89-E0B91A964AD0}.Release|Win32.Build.0 = Release|Win32
		{ADAEFB09-1F84-444E-AB89-E0B91A964AD0}.Release|x64.ActiveCfg = Release|Win32
		{ADAEFB09-1F84-444E-AB89-E0B91A964AD0}.Release|x64.Build.0 = Release|Win32
		{BE02B479-5C9D-4876-92D2-D810A64260D8}.Debug|Win32.ActiveCfg = Release|Win32
		{BE02B479-5C9D-4876-92D2-D810A64260D8}.Debug|Win32.Build.0 = Release|Win32
		{BE02B479-5C9D-4876-92D2-D810A64260D8}.Debug|x64.ActiveCfg = Release|Win32
		{BE02B479-5C9D-4876-92D2-D810A64260D8}.Debug|x64.Build.0 = Release|Win32
		{BE02B479-5C9D-4876-92D2-D810A64260D8}.Release|Win32.ActiveCfg = Release|Win32
		{BE02B479-5C9D-4876-92D2-D810A64260D8}.Release|Win32.Build.0 = Release|Win32
		{BE02B479-5C9D-4876-92D2-D810A64260D8}.Release|x64.ActiveCfg = Release|Win32
		{BE02B479-5C9D-4876-92D2-D810A64260D8}.Release|x64.Build.0 = Release|Win32
		{7F6B584F-7FB3-43DF-B91D-1D182F21635D}.Debug|Win32.ActiveCfg = Debug|Win32
		{7F6B584F-7FB3-43DF-B91D-1D182F21635D}.Debug|Win32.Build.0 = Debug|Win32
		{7F6B584F-7FB3-43DF-B91D-1D182F21635D}.Debug|x64.ActiveCfg = Debug|x64
		{7F6B584F-7FB3-43DF-B91D-1D182F21635D}.Debug|x64.Build.0 = Debug|x64
		{7F6B584F-7FB3-43DF-B91D-1D182F21635D}.Release|Win32.ActiveCfg = Release|Win32
		{7F6B584F-7FB3-43DF-B91D-1D182F21635D}.Release|Win32.Build.0 = Release|Win32
		{7F6B584F-7FB3-43DF-B91D-1D182F21635D}.Release|x64.ActiveCfg = Release|x64
		{7F6B584F-7FB3-43DF-B91D-1D182F21635D}.Release|x64.Build.0 = Release|x64
		{48206A30-7D48-4AB8-B647-413A4EE27AFA}.Debug|Win32.ActiveCfg = Debug|Win32
		{48206A30-7D48-4AB8-B647-413A4EE27AFA}.Debug|Win32.Build.0 = Debug|Win32
		{48206A30-7D48-4AB8-B647-413A4EE27AFA}.Debug|x64.ActiveCfg = Debug|x64
		{48206A30-7D48-4AB8-B647-413A4EE27AFA}.Debug|x64.Build.0 = Debug|x64
		{48206A30-7D48-4AB8-B647-413A4EE27AFA}.Release|Win32.ActiveCfg = Release|Win32
		{48206A30-7D48-4AB8-B647-413A4EE27AFA}.Release|Win32.Build.0 = Release|Win32
		{48206A30-7D48-4AB8-B647-413A4EE27AFA}.Release|x64.ActiveCfg = Release|x64
		{48206A30-7D48-4AB8-B647-413A4EE27AFA}.Release|x64.Build.0 = Release|x64
		{ED44F362-6B0A-4D84-9089-2E0A89CDBECC}.Debug|Win32.ActiveCfg = Debug|Win32
		{ED44F362-6B0A-4D84-9089-2E0A89CDBECC}.Debug|Win32.Build.0 = Debug|Win32
		{ED44F362-6B0A-4D84-9089-2E0A89CDBECC}.Debug|x64.ActiveCfg = Debug|x64
		{ED44F362-6B0A-4D84-9089-2E0A89CDBECC}.Debug|x64.Build.0 = Debug|x64
		{ED44F362-6B0A-4D84-9089-2E0A89CDBECC}.Release|Win32.ActiveCfg = Release|Win32
		{ED44F362-6B0A-4D84-9089-2E0A89CDBECC}.Release|Win32.Build.0 = Release|Win32
		{ED44F362-6B0A-4D84-9089-2E0A89CDBECC}.Release|x64.ActiveCfg = Release|x64
		{ED44F362-6B0A-4D84-9089-2E0A89CDBECC}.Release|x64.Build.0 = Release|x64
		{AA9ABE8C-4EF6-40C6-BF1F-9AB38054646E}.Debug|Win32.ActiveCfg = Debug|Win32
		{AA9ABE8C-4EF6-40C6-BF1F-9AB38054646E}.Debug|Win32.Build.0 = Debug|Win32
		{AA9ABE8C-4EF6-40C6-BF1F-9AB38054646E}.Debug|x64.ActiveCfg = Debug|x64
		{AA9ABE8C-4EF6-40C6-BF1F-9AB38054646E}.Debug|x64.Build.0 = Debug|x64
		{AA9ABE8C-4EF6-40C6-BF1F-9AB38054646E}.Release|Win32.ActiveCfg = Release|Win32
		{AA9ABE8C-4EF6-40C6-BF1F-9AB38054646E}.Release|Win32.Build.0 = Release|Win32
		{AA9ABE8C-4EF6-40C6-BF1F-9AB38054646E}.Release|x64.ActiveCfg = Release|x64
		{AA9ABE8C-4EF6-40C6-BF1F-9AB38054646E}.Release|x64.Build.0 = Release|x64
		{2BD85465-F110-41ED-8289-7588136A962C}.Debug|Win32.ActiveCfg = Debug|Win32
		{2BD85465-F110-41ED-8289-7588136A962C}.Debug|Win32.Build.0 = Debug|Win32
		{2BD85465-F110-41ED-8289-7588136A962C}.Debug|x64.ActiveCfg = Debug|x64
		{2BD85465-F110-41ED-8289-7588136A962C}.Debug|x64.Build.0 = Debug|x64
		{2BD85465-F110-41ED-8289-7588136A962C}.Release|Win32.ActiveCfg = Release|Win32
		{2BD85465-F110-41ED-8289-7588136A962C}.Release|Win32.Build.0 = Release|Win32
		{2BD85465-F110-41ED-8289-7588136A962C}.Release|x64.ActiveCfg = Release|x64
		{2BD85465-F110-41ED-8289-7588136A962C}.Release|x64.Build.0 = Release|x64
		{E9780E71-1903-4E06-8B29-261243BBBA8F}.Debug|Win32.ActiveCfg = Debug|Win32
		{E9780E71-1903-4E06-8B29-261243BBBA8F}.Debug|Win32.Build.0 = Debug|Win32
		{E9780E71-1903-4E06-8B29-261243BBBA8F}.Debug|x64.ActiveCfg = Debug|x64
		{E9780E71-1903-4E06-8B29-261243BBBA8F}.Debug|x64.Build.0 = Debug|x64
		{E9780E71-1903-4E06-8B29-261243BBBA8F}.Release|Win32.ActiveCfg = Release|Win32
		{E9780E71-1903-4E06-8B29-261243BBBA8F}.Release|Win32.Build.0 = Release|Win32
		{E9780E71-1903-4E06-8B29-261243BBBA8F}.Release|x64.ActiveCfg = Release|x64
		{E9780E71-1903-4E06-8B29-261243BBBA8F}.Release|x64.Build.0 = Release|x64
		{BBDA9C1B-9463-4892-AAAF-CD0D4D800704}.Debug|Win32.ActiveCfg = Debug|Win32
		{BBDA9C1B-9463-4892-AAAF-CD0D4D800704}.Debug|Win32.Build.0 = Debug|Win32
		{BBDA9C1B-9463-4892-AAAF-CD0D4D800704}.Debug|x64.ActiveCfg = Debug|x64
		{BBDA9C1B-9463-4892-AAAF-CD0D4D800704}.Debug|x64.Build.0 = Debug|x64
		{BBDA9C1B-9463-4892-AAAF-CD0D4D800704}.Release|Win32.ActiveCfg = Release|Win32
		{BBDA9C1B-9463-4892-AAAF-CD0D4D800704}.Release|Win32.Build.0 = Release|Win32
		{BBDA9C1B-9463-4892-AAAF-CD0D4D800704}.Release|x64.ActiveCfg = Release|x64
		{BBDA9C1B-9463-4892-AAAF-CD0D4D800704}.Release|x64.Build.0 = Release|x64
		{F4A27965-84C5-4FA8-B82A-9B8D17C9688F}.Debug|Win32.ActiveCfg = Debug|Win32
		{F4A27965-84C5-4FA8-B82A-9B8D17C9688F}.Debug|Win32.Build.0 = Debug|Win32
		{F4A27965-84C5-4FA8-B82A-9B8D17C9688F}.Debug|x64.ActiveCfg = Debug|x64
		{F4A27965-84C5-4FA8-B82A-9B8D17C9688F}.Debug|x64.Build.0 = Debug|x64
		{F4A27965-84C5-4FA8-B82A-9B8D17C9688F}.Release|Win32.ActiveCfg = Release|Win32
		{F4A27965-84C5-4FA8-B82A-9B8D17C9688F}.Release|Win32.Build.0 = Release|Win32
		{F4A27965-84C5-4FA8-B82A-9B8D17C9688F}.Release|x64.ActiveCfg = Release|x64
		{F4A27965-84C5-4FA8-B82A-9B8D17C9688F}.Release|x64.Build.0 = Release|x64
		{F4F52A95-0038-49A9-9463-39E25FB8AB1C}.Debug|Win32.ActiveCfg = Debug|Win32
		{F4F52A95-0038-49A9-9463-39E25FB8AB1C}.Debug|Win32.Build.0 = Debug|Win32
		{F4F52A95-0038-49A9-9463-39E25FB8AB1C}.Debug|x64.ActiveCfg = Debug|x64
		{F4F52A95-0038-49A9-9463-39E25FB8AB1C}.Debug|x64.Build.0 = Debug|x64
		{F4F52A95-0038-49A9-9463-39E25FB8AB1C}.Release|Win32.ActiveCfg = Release|Win32
		{F4F52A95-0038-49A9-9463-39E25FB8AB1C}.Release|Win32.Build.0 = Release|Win32
		{F4F52A95-0038-49A9-9463-39E25FB8AB1C}.Release|x64.ActiveCfg = Release|x64
		{F4F52A95-0038-49A9-9463-39E25FB8AB1C}.Release|x64.Build.0 = Release|x64
		{66CC6364-9D9B-474C-9DE3-629B3C823712}.Debug|Win32.ActiveCfg = Debug|Win32
		{66CC6364-9D9B-474C-9DE3-629B3C823712}.Debug|Win32.Build.0 = Debug|Win32
		{66CC6364-9D9B-474C-9DE3-629B3C823712}.Debug|x64.ActiveCfg = Debug|x64
		{66CC6364-9D9B-474C-9DE3-629B3C823712}.Debug|x64.Build.0 = Debug|x64
		{66CC6364-9D9B-474C-9DE3-629B3C823712}.Release|Win32.ActiveCfg = Release|Win32
		{66CC6364-9D9B-474C-9DE3-629B3C823712}.Release|Win32.Build.0 = Release|Win32
		{66CC6364-9D9B-474C-9DE3-629B3C823712}.Release|x64.ActiveCfg = Release|x64
		{66CC6364-9D9B-474C-9DE3-629B3C823712}.Release|x64.Build.0 = Release|x64
		{EB833180-A16A-47EE-82E3-11A372013C12}.Debug|Win32.ActiveCfg = Debug|Win32
		{EB833180-A16A-47EE-82E3-11A372013C12}.Debug|Win32.Build.0 = Debug|Win32
		{EB833180-A16A-47EE-82E3-11A372013C12}.Debug|x64.ActiveCfg = Debug|x64
		{EB833180-A16A-47EE-82E3-11A372013C12}.Debug|x64.Build.0 = Debug|x64
		{EB833180-A16A-47EE-82E3-11A372013C12}.Release|Win32.ActiveCfg = Release|Win32
		{EB833180-A16A-47EE-82E3-11A372013C12}.Release|Win32.Build.0 = Release|Win32
		{EB833180-A16A-47EE-82E3-11A372013C12}.Release|x64.ActiveCfg = Release|x64
		{EB833180-A16A-47EE-82E3-11A372013C12}.Release|x64.Build.0 = Release|x64
		{B1C48E29-9438-43C2-BF79-4BC18C5FBB18}.Debug|Win32.ActiveCfg = Debug|Win32
		{B1C48E29-9438-43C2-BF79-4BC18C5FBB18}.Debug|Win32.Build.0 = Debug|Win32
		{B1C48E29-9438-43C2-BF79-4BC18C5FBB18}.Debug|x64.ActiveCfg = Debug|x64
		{B1C48E29-9438-43C2-BF79-4BC18C5FBB18}.Debug|x64.Build.0 = Debug|x64
		{B1C48E29-9438-43C2-BF79-4BC18C5FBB18}.Release|Win32.ActiveCfg = Release|Win32
		{B1C48E29-9438-43C2-BF79-4BC18C5FBB18}.Release|Win32.Build.0 = Release|Win32
		{B1C48E29-9438-43C2-BF79-4BC18C5FBB18}.Release|x64.ActiveCfg = Release|x64
		{B1C48E29-9438-43C2-BF79-4BC18C5FBB18}.Release|x64.Build.0 = Release|x64
		{48C38364-0DA3-48CF-97AA-44A28AD9DF7F}.Debug|Win32.ActiveCfg = Debug|Win32
		{48C38364-0DA3-48CF-97AA-44A28AD9DF7F}.Debug|Win32.Build.0 = Debug|Win32
		{48C38364-0DA3-48CF-97AA-44A28AD9DF7F}.Debug|x64.ActiveCfg = Debug|x64
		{48C38364-0DA3-48CF-97AA-44A28AD9DF7F}.Debug|x64.Build.0 = Debug|x64
		{48C38364-0DA3-48CF-97AA-44A28AD9DF7F}.Release|Win32.ActiveCfg = Release|Win32
		{48C38364-0DA3-48CF-97AA-44A28AD9DF7F}.Release|Win32.Build.0 = Release|Win32
		{48C38364-0DA3-48CF-97AA-44A28AD9DF7F}.Release|x64.ActiveCfg = Release|x64
		{48C38364-0DA3-48CF-97AA-44A28AD9DF7F}.Release|x64.Build.0 = Release|x64
		{DB069BE1-91E0-41CE-BDC3-5BA4008840A5}.Debug|Win32.ActiveCfg = Debug|Win32
		{DB069BE1-91E0-41CE-BDC3-5BA4008840A5}.Debug|Win32.Build.0 = Debug|Win32
		{DB069BE1-91E0-41CE-BDC3-5BA4008840A5}.Debug|x64.ActiveCfg = Debug|x64
		{DB069BE1-91E0-41CE-BDC3-5BA4008840A5}.Debug|x64.Build.0 = Debug|x64
		{DB069BE1-91E0-41CE-BDC3-5BA4008840A5}.Release|Win32.ActiveCfg = Release|Win32
		{DB069BE1-91E0-41CE-BDC3-5BA4008840A5}.Release|Win32.Build.0 = Release|Win32
		{DB069BE1-91E0-41CE-BDC3-5BA4008840A5}.Release|x64.ActiveCfg = Release|x64
		{DB069BE1-91E0-41CE-BDC3-5BA4008840A5}.Release|x64.Build.0 = Release|x64
		{3E65F4AC-19E1-479B-ACAB-F929B699EBB9}.Debug|Win32.ActiveCfg = Debug|Win32
		{3E65F4AC-19E1-479B-ACAB-F929B699EBB9}.Debug|Win32.Build.0 = Debug|Win32
		{3E65F4AC-19E1-479B-ACAB-F929B699EBB9}.Debug|x64.ActiveCfg = Debug|x64
		{3E65F4AC-19E1-479B-ACAB-F929B699EBB9}.Debug|x64.Build.0 = Debug|x64
		{3E65F4AC-19E1-479B-ACAB-F929B699EBB9}.Release|Win32.ActiveCfg = Release|Win32
		{3E65F4AC-19E1-479B-ACAB-F929B699EBB9}.Release|Win32.Build.0 = Release|Win32
		{3E65F4AC-19E1-479B-ACAB-F929B699EBB9}.Release|x64.ActiveCfg = Release|x64
		{3E65F4AC-19E1-479B-ACAB-F929B699EBB9}.Release|x64.Build.0 = Release|x64
		{6C67909C-C749-4AE0-9F49-64B5D60B7D4C}.Debug|Win32.ActiveCfg = Debug|Win32
		{6C67909C-C749-4AE0-9F49-64B5D60B7D4C}.Debug|Win32.Build.0 = Debug|Win32
		{6C67909C-C749-4AE0-9F49-64B5D60B7D4C}.Debug|x64.ActiveCfg = Debug|x64
		{6C67909C-C749-4AE0-9F49-64B5D60B7D4C}.Debug|x64.Build.0 = Debug|x64
		{6C67909C-C749-4AE0-9F49-64B5D60B7D4C}.Release|Win32.ActiveCfg = Release|Win32
		{6C67909C-C749-4AE0-9F49-64B5D60B7D4C}.Release|Win32.Build.0 = Release|Win32
		{6C67909C-C749-4AE0-9F49-64B5D60B7D4C}.Release|x64.ActiveCfg = Release|x64
		{6C67909C-C749-4AE0-9F49-64B5D60B7D4C}.Release|x64.Build.0 = Release|x64
		{E437BAE3-9D6B-4EED-B282-2834BE8ADFFB}.Debug|Win32.ActiveCfg = Debug|Win32
		{E437BAE3-9D6B-4EED-B282-2834BE8ADFFB}.Debug|Win32.Build.0 = Debug|Win32
		{E437BAE3-9D6B-4EED-B282-2834BE8ADFFB}.Debug|x64.ActiveCfg = Release|Win32
		{E437BAE3-9D6B-4EED-B282-2834BE8ADFFB}.Debug|x64.Build.0 = Release|Win32
		{E437BAE3-9D6B-4EED-B282-2834BE8ADFFB}.Release|Win32.ActiveCfg = Release|Win32
		{E437BAE3-9D6B-4EED-B282-2834BE8ADFFB}.Release|Win32.Build.0 = Release|Win32
		{E437BAE3-9D6B-4EED-B282-2834BE8ADFFB}.Release|x64.ActiveCfg = Release|Win32
		{13624C49-B8FF-403C-84F3-48BDCCCBE411}.Debug|Win32.ActiveCfg = Debug|Win32
		{13624C49-B8FF-403C-84F3-48BDCCCBE411}.Debug|Win32.Build.0 = Debug|Win32
		{13624C49-B8FF-403C-84F3-48BDCCCBE411}.Debug|x64.ActiveCfg = Debug|x64
		{13624C49-B8FF-403C-84F3-48BDCCCBE411}.Debug|x64.Build.0 = Debug|x64
		{13624C49-B8FF-403C-84F3-48BDCCCBE411}.Release|Win32.ActiveCfg = Release|Win32
		{13624C49-B8FF-403C-84F3-48BDCCCBE411}.Release|Win32.Build.0 = Release|Win32
		{13624C49-B8FF-403C-84F3-48BDCCCBE411}.Release|x64.ActiveCfg = Release|x64
		{13624C49-B8FF-403C-84F3-48BDCCCBE411}.Release|x64.Build.0 = Release|x64
		{FF357A6F-54A9-459A-B9D0-FF34FB237EB8}.Debug|Win32.ActiveCfg = Debug|Win32
		{FF357A6F-54A9-459A-B9D0-FF34FB237EB8}.Debug|Win32.Build.0 = Debug|Win32
		{FF357A6F-54A9-459A-B9D0-FF34FB237EB8}.Debug|x64.ActiveCfg = Debug|x64
		{FF357A6F-54A9-459A-B9D0-FF34FB237EB8}.Debug|x64.Build.0 = Debug|x64
		{FF357A6F-54A9-459A-B9D0-FF34FB237EB8}.Release|Win32.ActiveCfg = Release|Win32
		{FF357A6F-54A9-459A-B9D0-FF34FB237EB8}.Release|Win32.Build.0 = Release|Win32
		{FF357A6F-54A9-459A-B9D0-FF34FB237EB8}.Release|x64.ActiveCfg = Release|x64
		{FF357A6F-54A9-459A-B9D0-FF34FB237EB8}.Release|x64.Build.0 = Release|x64
		{6521A773-44C6-4A1D-9704-19C173665F04}.Debug|Win32.ActiveCfg = Debug|Win32
		{6521A773-44C6-4A1D-9704-19C173665F04}.Debug|Win32.Build.0 = Debug|Win32
		{6521A773-44C6-4A1D-9704-19C173665F04}.Debug|x64.ActiveCfg = Debug|x64
		{6521A773-44C6-4A1D-9704-19C173665F04}.Debug|x64.Build.0 = Debug|x64
		{6521A773-44C6-4A1D-9704-19C173665F04}.Release|Win32.ActiveCfg = Release|Win32
		{6521A773-44C6-4A1D-9704-19C173665F04}.Release|Win32.Build.0 = Release|Win32
		{6521A773-44C6-4A1D-9704-19C173665F04}.Release|x64.ActiveCfg = Release|x64
		{6521A773-44C6-4A1D-9704-19C173665F04}.Release|x64.Build.0 = Release|x64
		{178A1E13-6D70-4E26-AB6D-57285371B2E3}.Debug|Win32.ActiveCfg = Debug|Win32
		{178A1E13-6D70-4E26-AB6D-57285371B2E3}.Debug|Win32.Build.0 = Debug|Win32
		{178A1E13-6D70-4E26-AB6D-57285371B2E3}.Debug|x64.ActiveCfg = Debug|x64
		{178A1E13-6D70-4E26-AB6D-57285371B2E3}.Debug|x64.Build.0 = Debug|x64
		{178A1E13-6D70-4E26-AB6D-57285371B2E3}.Release|Win32.ActiveCfg = Release|Win32
		{178A1E13-6D70-4E26-AB6D-57285371B2E3}.Release|Win32.Build.0 = Release|Win32
		{178A1E13-6D70-4E26-AB6D-57285371B2E3}.Release|x64.ActiveCfg = Release|x64
		{178A1E13-6D70-4E26-AB6D-57285371B2E3}.Release|x64.Build.0 = Release|x64
		{CFD66ADA-CFF3-4E82-BFBC-073A9B716A4E}.Debug|Win32.ActiveCfg = Debug|Win32
		{CFD66ADA-CFF3-4E82-BFBC-073A9B716A4E}.Debug|Win32.Build.0 = Debug|Win32
		{CFD66ADA-CFF3-4E82-BFBC-073A9B716A4E}.Debug|x64.ActiveCfg = Debug|x64
		{CFD66ADA-CFF3-4E82-BFBC-073A9B716A4E}.Debug|x64.Build.0 = Debug|x64
		{CFD66ADA-CFF3-4E82-BFBC-073A9B716A4E}.Release|Win32.ActiveCfg = Release|Win32
		{CFD66ADA-CFF3-4E82-BFBC-073A9B716A4E}.Release|Win32.Build.0 = Release|Win32
		{CFD66ADA-CFF3-4E82-BFBC-073A9B716A4E}.Release|x64.ActiveCfg = Release|x64
		{CFD66ADA-CFF3-4E82-BFBC-073A9B716A4E}.Release|x64.Build.0 = Release|x64
		{34C22C44-5E48-40C9-8141-7D1D5A3E54E6}.Debug|Win32.ActiveCfg = Debug|Win32
		{34C22C44-5E48-40C9-8141-7D1D5A3E54E6}.Debug|Win32.Build.0 = Debug|Win32
		{34C22C44-5E48-40C9-8141-7D1D5A3E54E6}.Debug|x64.ActiveCfg = Debug|x64
		{34C22C44-5E48-40C9-8141-7D1D5A3E54E6}.Debug|x64.Build.0 = Debug|x64
		{34C22C44-5E48-40C9-8141-7D1D5A3E54E6}.Release|Win32.ActiveCfg = Release|Win32
		{34C22C44-5E48-40C9-8141-7D1D5A3E54E6}.Release|Win32.Build.0 = Release|Win32
		{34C22C44-5E48-40C9-8141-7D1D5A3E54E6}.Release|x64.ActiveCfg = Release|x64
		{34C22C44-5E48-40C9-8141-7D1D5A3E54E6}.Release|x64.Build.0 = Release|x64
		{06AA6409-5CD7-4B9D-A2F4-D0A1E0837FC3}.Debug|Win32.ActiveCfg = Debug|Win32
		{06AA6409-5CD7-4B9D-A2F4-D0A1E0837FC3}.Debug|Win32.Build.0 = Debug|Win32
		{06AA6409-5CD7-4B9D-A2F4-D0A1E0837FC3}.Debug|x64.ActiveCfg = Debug|x64
		{06AA6409-5CD7-4B9D-A2F4-D0A1E0837FC3}.Debug|x64.Build.0 = Debug|x64
		{06AA6409-5CD7-4B9D-A2F4-D0A1E0837FC3}.Release|Win32.ActiveCfg = Release|Win32
		{06AA6409-5CD7-4B9D-A2F4-D0A1E0837FC3}.Release|Win32.Build.0 = Release|Win32
		{06AA6409-5CD7-4B9D-A2F4-D0A1E0837FC3}.Release|x64.ActiveCfg = Release|x64
		{06AA6409-5CD7-4B9D-A2F4-D0A1E0837FC3}.Release|x64.Build.0 = Release|x64
	EndGlobalSection
	GlobalSection(SolutionProperties) = preSolution
		HideSolutionNode = FALSE
	EndGlobalSection
	GlobalSection(NestedProjects) = preSolution
		{50D67152-761F-4BE9-8EA8-958CFAF1029A} = {5DA0A740-D312-4602-96F5-A02B617755A4}
		{78DB340F-F6FE-41CC-8704-60E805039BD8} = {5DA0A740-D312-4602-96F5-A02B617755A4}
		{FC7D2BDB-7831-44A4-A8B9-8ACA5547ADC7} = {5DA0A740-D312-4602-96F5-A02B617755A4}
		{73A3A0DA-85DB-4571-9381-686CD246E80B} = {5DA0A740-D312-4602-96F5-A02B617755A4}
		{7F6B584F-7FB3-43DF-B91D-1D182F21635D} = {5DA0A740-D312-4602-96F5-A02B617755A4}
		{48206A30-7D48-4AB8-B647-413A4EE27AFA} = {5DA0A740-D312-4602-96F5-A02B617755A4}
		{ED44F362-6B0A-4D84-9089-2E0A89CDBECC} = {5DA0A740-D312-4602-96F5-A02B617755A4}
		{AA9ABE8C-4EF6-40C6-BF1F-9AB38054646E} = {5DA0A740-D312-4602-96F5-A02B617755A4}
		{DB069BE1-91E0-41CE-BDC3-5BA4008840A5} = {5DA0A740-D312-4602-96F5-A02B617755A4}
		{3E65F4AC-19E1-479B-ACAB-F929B699EBB9} = {5DA0A740-D312-4602-96F5-A02B617755A4}
		{6C67909C-C749-4AE0-9F49-64B5D60B7D4C} = {5DA0A740-D312-4602-96F5-A02B617755A4}
		{13624C49-B8FF-403C-84F3-48BDCCCBE411} = {5DA0A740-D312-4602-96F5-A02B617755A4}
		{FF357A6F-54A9-459A-B9D0-FF34FB237EB8} = {5DA0A740-D312-4602-96F5-A02B617755A4}
		{ADAEFB09-1F84-444E-AB89-E0B91A964AD0} = {243EA744-5506-41C2-A822-B3DD9A8A28F2}
		{BE02B479-5C9D-4876-92D2-D810A64260D8} = {243EA744-5506-41C2-A822-B3DD9A8A28F2}
		{E437BAE3-9D6B-4EED-B282-2834BE8ADFFB} = {243EA744-5506-41C2-A822-B3DD9A8A28F2}
		{2BD85465-F110-41ED-8289-7588136A962C} = {0F4D3206-9EDD-4D5C-B1BE-D88347EBCC21}
		{E9780E71-1903-4E06-8B29-261243BBBA8F} = {0F4D3206-9EDD-4D5C-B1BE-D88347EBCC21}
		{BBDA9C1B-9463-4892-AAAF-CD0D4D800704} = {0F4D3206-9EDD-4D5C-B1BE-D88347EBCC21}
		{F4A27965-84C5-4FA8-B82A-9B8D17C9688F} = {0F4D3206-9EDD-4D5C-B1BE-D88347EBCC21}
		{F4F52A95-0038-49A9-9463-39E25FB8AB1C} = {0F4D3206-9EDD-4D5C-B1BE-D88347EBCC21}
		{66CC6364-9D9B-474C-9DE3-629B3C823712} = {C06526F4-CF16-44EF-B19E-8C5E451E1B81}
		{EB833180-A16A-47EE-82E3-11A372013C12} = {C06526F4-CF16-44EF-B19E-8C5E451E1B81}
		{B1C48E29-9438-43C2-BF79-4BC18C5FBB18} = {C06526F4-CF16-44EF-B19E-8C5E451E1B81}
		{48C38364-0DA3-48CF-97AA-44A28AD9DF7F} = {C06526F4-CF16-44EF-B19E-8C5E451E1B81}
		{6521A773-44C6-4A1D-9704-19C173665F04} = {DE194D25-3358-466F-978D-B0EDD7E2EAF7}
		{178A1E13-6D70-4E26-AB6D-57285371B2E3} = {DE194D25-3358-466F-978D-B0EDD7E2EAF7}
		{CFD66ADA-CFF3-4E82-BFBC-073A9B716A4E} = {DE194D25-3358-466F-978D-B0EDD7E2EAF7}
		{34C22C44-5E48-40C9-8141-7D1D5A3E54E6} = {DE194D25-3358-466F-978D-B0EDD7E2EAF7}
		{06AA6409-5CD7-4B9D-A2F4-D0A1E0837FC3} = {DE194D25-3358-466F-978D-B0EDD7E2EAF7}
	EndGlobalSection
EndGlobal
